
Microsoft Visual Studio Solution File, Format Version 12.00
# Visual Studio Version 17
VisualStudioVersion = 17.3.32825.248
MinimumVisualStudioVersion = 10.0.40219.1
Project("{FAE04EC0-301F-11D3-BF4B-00C04F79EFBC}") = "CumulativeProjectPart1", "CumulativeProjectPart1\CumulativeProjectPart1.csproj", "{D5113148-BFA0-4D54-A50B-CC469CE75D2D}"
EndProject
Global
	GlobalSection(SolutionConfigurationPlatforms) = preSolution
		Debug|Any CPU = Debug|Any CPU
		Release|Any CPU = Release|Any CPU
	EndGlobalSection
	GlobalSection(ProjectConfigurationPlatforms) = postSolution
		{D5113148-BFA0-4D54-A50B-CC469CE75D2D}.Debug|Any CPU.ActiveCfg = Debug|Any CPU
		{D5113148-BFA0-4D54-A50B-CC469CE75D2D}.Debug|Any CPU.Build.0 = Debug|Any CPU
		{D5113148-BFA0-4D54-A50B-CC469CE75D2D}.Release|Any CPU.ActiveCfg = Release|Any CPU
		{D5113148-BFA0-4D54-A50B-CC469CE75D2D}.Release|Any CPU.Build.0 = Release|Any CPU
	EndGlobalSection
	GlobalSection(SolutionProperties) = preSolution
		HideSolutionNode = FALSE
	EndGlobalSection
	GlobalSection(ExtensibilityGlobals) = postSolution
		SolutionGuid = {F8CDC7A7-A3BC-433B-97BE-66CB3EE7CB6F}
	EndGlobalSection
EndGlobal
